
Microsoft Visual Studio Solution File, Format Version 12.00
# Visual Studio Version 17
VisualStudioVersion = 17.3.32922.545
MinimumVisualStudioVersion = 10.0.40219.1
Project("{FAE04EC0-301F-11D3-BF4B-00C04F79EFBC}") = "discontinued_bulletin", "discontinued_bulletin\discontinued_bulletin.csproj", "{33B11B32-F7B6-4665-B6AD-613D5AB602C1}"
EndProject
Global
	GlobalSection(SolutionConfigurationPlatforms) = preSolution
		Debug|Any CPU = Debug|Any CPU
		Release|Any CPU = Release|Any CPU
	EndGlobalSection
	GlobalSection(ProjectConfigurationPlatforms) = postSolution
		{33B11B32-F7B6-4665-B6AD-613D5AB602C1}.Debug|Any CPU.ActiveCfg = Debug|Any CPU
		{33B11B32-F7B6-4665-B6AD-613D5AB602C1}.Debug|Any CPU.Build.0 = Debug|Any CPU
		{33B11B32-F7B6-4665-B6AD-613D5AB602C1}.Release|Any CPU.ActiveCfg = Release|Any CPU
		{33B11B32-F7B6-4665-B6AD-613D5AB602C1}.Release|Any CPU.Build.0 = Release|Any CPU
	EndGlobalSection
	GlobalSection(SolutionProperties) = preSolution
		HideSolutionNode = FALSE
	EndGlobalSection
	GlobalSection(ExtensibilityGlobals) = postSolution
		SolutionGuid = {32118162-70FF-4100-8634-1DE387BAFAA6}
	EndGlobalSection
EndGlobal
